
Microsoft Visual Studio Solution File, Format Version 12.00
# Visual Studio Version 17
VisualStudioVersion = 17.0.31903.59
MinimumVisualStudioVersion = 10.0.40219.1
Project("{2150E333-8FDC-42A3-9474-1A3956D46DE8}") = "src", "src", "{827E0CD3-B72D-47B6-A68D-7590B98EB39B}"
EndProject
Project("{FAE04EC0-301F-11D3-BF4B-00C04F79EFBC}") = "RobControl.Core", "src\RobControl.Core\RobControl.Core.csproj", "{631D0B10-EA26-438D-9ACD-6F18CC816C58}"
EndProject
Project("{FAE04EC0-301F-11D3-BF4B-00C04F79EFBC}") = "RobControl.App", "src\RobControl.App\RobControl.App.csproj", "{3EAF0002-B5DA-4A62-A1C0-686A1BC76D6C}"
EndProject
Project("{FAE04EC0-301F-11D3-BF4B-00C04F79EFBC}") = "RobControl.RobotSim", "src\RobControl.RobotSim\RobControl.RobotSim.csproj", "{458AACFD-DA00-417E-89E1-D9F80A3816FD}"
EndProject
Project("{2150E333-8FDC-42A3-9474-1A3956D46DE8}") = "tests", "tests", "{0AB3BF05-4346-4AA6-1389-037BE0695223}"
EndProject
Project("{FAE04EC0-301F-11D3-BF4B-00C04F79EFBC}") = "RobControl.Tests", "tests\RobControl.Tests\RobControl.Tests.csproj", "{DEFDEF84-BB76-48D9-AD5A-EFF05664AF82}"
EndProject
Project("{2150E333-8FDC-42A3-9474-1A3956D46DE8}") = "tools", "tools", "{07C2787E-EAC7-C090-1BA3-A61EC2A24D84}"
EndProject
Project("{FAE04EC0-301F-11D3-BF4B-00C04F79EFBC}") = "RobControl.Probe", "tools\RobControl.Probe\RobControl.Probe.csproj", "{4A6AE8EA-A090-4836-BE42-29500192FF64}"
EndProject
Global
	GlobalSection(SolutionConfigurationPlatforms) = preSolution
		Debug|Any CPU = Debug|Any CPU
		Debug|x64 = Debug|x64
		Debug|x86 = Debug|x86
		Release|Any CPU = Release|Any CPU
		Release|x64 = Release|x64
		Release|x86 = Release|x86
	EndGlobalSection
	GlobalSection(ProjectConfigurationPlatforms) = postSolution
		{631D0B10-EA26-438D-9ACD-6F18CC816C58}.Debug|Any CPU.ActiveCfg = Debug|Any CPU
		{631D0B10-EA26-438D-9ACD-6F18CC816C58}.Debug|Any CPU.Build.0 = Debug|Any CPU
		{631D0B10-EA26-438D-9ACD-6F18CC816C58}.Debug|x64.ActiveCfg = Debug|Any CPU
		{631D0B10-EA26-438D-9ACD-6F18CC816C58}.Debug|x64.Build.0 = Debug|Any CPU
		{631D0B10-EA26-438D-9ACD-6F18CC816C58}.Debug|x86.ActiveCfg = Debug|Any CPU
		{631D0B10-EA26-438D-9ACD-6F18CC816C58}.Debug|x86.Build.0 = Debug|Any CPU
		{631D0B10-EA26-438D-9ACD-6F18CC816C58}.Release|Any CPU.ActiveCfg = Release|Any CPU
		{631D0B10-EA26-438D-9ACD-6F18CC816C58}.Release|Any CPU.Build.0 = Release|Any CPU
		{631D0B10-EA26-438D-9ACD-6F18CC816C58}.Release|x64.ActiveCfg = Release|Any CPU
		{631D0B10-EA26-438D-9ACD-6F18CC816C58}.Release|x64.Build.0 = Release|Any CPU
		{631D0B10-EA26-438D-9ACD-6F18CC816C58}.Release|x86.ActiveCfg = Release|Any CPU
		{631D0B10-EA26-438D-9ACD-6F18CC816C58}.Release|x86.Build.0 = Release|Any CPU
		{3EAF0002-B5DA-4A62-A1C0-686A1BC76D6C}.Debug|Any CPU.ActiveCfg = Debug|Any CPU
		{3EAF0002-B5DA-4A62-A1C0-686A1BC76D6C}.Debug|Any CPU.Build.0 = Debug|Any CPU
		{3EAF0002-B5DA-4A62-A1C0-686A1BC76D6C}.Debug|x64.ActiveCfg = Debug|Any CPU
		{3EAF0002-B5DA-4A62-A1C0-686A1BC76D6C}.Debug|x64.Build.0 = Debug|Any CPU
		{3EAF0002-B5DA-4A62-A1C0-686A1BC76D6C}.Debug|x86.ActiveCfg = Debug|Any CPU
		{3EAF0002-B5DA-4A62-A1C0-686A1BC76D6C}.Debug|x86.Build.0 = Debug|Any CPU
		{3EAF0002-B5DA-4A62-A1C0-686A1BC76D6C}.Release|Any CPU.ActiveCfg = Release|Any CPU
		{3EAF0002-B5DA-4A62-A1C0-686A1BC76D6C}.Release|Any CPU.Build.0 = Release|Any CPU
		{3EAF0002-B5DA-4A62-A1C0-686A1BC76D6C}.Release|x64.ActiveCfg = Release|Any CPU
		{3EAF0002-B5DA-4A62-A1C0-686A1BC76D6C}.Release|x64.Build.0 = Release|Any CPU
		{3EAF0002-B5DA-4A62-A1C0-686A1BC76D6C}.Release|x86.ActiveCfg = Release|Any CPU
		{3EAF0002-B5DA-4A62-A1C0-686A1BC76D6C}.Release|x86.Build.0 = Release|Any CPU
		{458AACFD-DA00-417E-89E1-D9F80A3816FD}.Debug|Any CPU.ActiveCfg = Debug|Any CPU
		{458AACFD-DA00-417E-89E1-D9F80A3816FD}.Debug|Any CPU.Build.0 = Debug|Any CPU
		{458AACFD-DA00-417E-89E1-D9F80A3816FD}.Debug|x64.ActiveCfg = Debug|Any CPU
		{458AACFD-DA00-417E-89E1-D9F80A3816FD}.Debug|x64.Build.0 = Debug|Any CPU
		{458AACFD-DA00-417E-89E1-D9F80A3816FD}.Debug|x86.ActiveCfg = Debug|Any CPU
		{458AACFD-DA00-417E-89E1-D9F80A3816FD}.Debug|x86.Build.0 = Debug|Any CPU
		{458AACFD-DA00-417E-89E1-D9F80A3816FD}.Release|Any CPU.ActiveCfg = Release|Any CPU
		{458AACFD-DA00-417E-89E1-D9F80A3816FD}.Release|Any CPU.Build.0 = Release|Any CPU
		{458AACFD-DA00-417E-89E1-D9F80A3816FD}.Release|x64.ActiveCfg = Release|Any CPU
		{458AACFD-DA00-417E-89E1-D9F80A3816FD}.Release|x64.Build.0 = Release|Any CPU
		{458AACFD-DA00-417E-89E1-D9F80A3816FD}.Release|x86.ActiveCfg = Release|Any CPU
		{458AACFD-DA00-417E-89E1-D9F80A3816FD}.Release|x86.Build.0 = Release|Any CPU
		{DEFDEF84-BB76-48D9-AD5A-EFF05664AF82}.Debug|Any CPU.ActiveCfg = Debug|Any CPU
		{DEFDEF84-BB76-48D9-AD5A-EFF05664AF82}.Debug|Any CPU.Build.0 = Debug|Any CPU
		{DEFDEF84-BB76-48D9-AD5A-EFF05664AF82}.Debug|x64.ActiveCfg = Debug|Any CPU
		{DEFDEF84-BB76-48D9-AD5A-EFF05664AF82}.Debug|x64.Build.0 = Debug|Any CPU
		{DEFDEF84-BB76-48D9-AD5A-EFF05664AF82}.Debug|x86.ActiveCfg = Debug|Any CPU
		{DEFDEF84-BB76-48D9-AD5A-EFF05664AF82}.Debug|x86.Build.0 = Debug|Any CPU
		{DEFDEF84-BB76-48D9-AD5A-EFF05664AF82}.Release|Any CPU.ActiveCfg = Release|Any CPU
		{DEFDEF84-BB76-48D9-AD5A-EFF05664AF82}.Release|Any CPU.Build.0 = Release|Any CPU
		{DEFDEF84-BB76-48D9-AD5A-EFF05664AF82}.Release|x64.ActiveCfg = Release|Any CPU
		{DEFDEF84-BB76-48D9-AD5A-EFF05664AF82}.Release|x64.Build.0 = Release|Any CPU
		{DEFDEF84-BB76-48D9-AD5A-EFF05664AF82}.Release|x86.ActiveCfg = Release|Any CPU
		{DEFDEF84-BB76-48D9-AD5A-EFF05664AF82}.Release|x86.Build.0 = Release|Any CPU
		{4A6AE8EA-A090-4836-BE42-29500192FF64}.Debug|Any CPU.ActiveCfg = Debug|Any CPU
		{4A6AE8EA-A090-4836-BE42-29500192FF64}.Debug|Any CPU.Build.0 = Debug|Any CPU
		{4A6AE8EA-A090-4836-BE42-29500192FF64}.Debug|x64.ActiveCfg = Debug|Any CPU
		{4A6AE8EA-A090-4836-BE42-29500192FF64}.Debug|x64.Build.0 = Debug|Any CPU
		{4A6AE8EA-A090-4836-BE42-29500192FF64}.Debug|x86.ActiveCfg = Debug|Any CPU
		{4A6AE8EA-A090-4836-BE42-29500192FF64}.Debug|x86.Build.0 = Debug|Any CPU
		{4A6AE8EA-A090-4836-BE42-29500192FF64}.Release|Any CPU.ActiveCfg = Release|Any CPU
		{4A6AE8EA-A090-4836-BE42-29500192FF64}.Release|Any CPU.Build.0 = Release|Any CPU
		{4A6AE8EA-A090-4836-BE42-29500192FF64}.Release|x64.ActiveCfg = Release|Any CPU
		{4A6AE8EA-A090-4836-BE42-29500192FF64}.Release|x64.Build.0 = Release|Any CPU
		{4A6AE8EA-A090-4836-BE42-29500192FF64}.Release|x86.ActiveCfg = Release|Any CPU
		{4A6AE8EA-A090-4836-BE42-29500192FF64}.Release|x86.Build.0 = Release|Any CPU
	EndGlobalSection
	GlobalSection(SolutionProperties) = preSolution
		HideSolutionNode = FALSE
	EndGlobalSection
	GlobalSection(NestedProjects) = preSolution
		{631D0B10-EA26-438D-9ACD-6F18CC816C58} = {827E0CD3-B72D-47B6-A68D-7590B98EB39B}
		{3EAF0002-B5DA-4A62-A1C0-686A1BC76D6C} = {827E0CD3-B72D-47B6-A68D-7590B98EB39B}
		{458AACFD-DA00-417E-89E1-D9F80A3816FD} = {827E0CD3-B72D-47B6-A68D-7590B98EB39B}
		{DEFDEF84-BB76-48D9-AD5A-EFF05664AF82} = {0AB3BF05-4346-4AA6-1389-037BE0695223}
		{4A6AE8EA-A090-4836-BE42-29500192FF64} = {07C2787E-EAC7-C090-1BA3-A61EC2A24D84}
	EndGlobalSection
EndGlobal
